
Microsoft Visual Studio Solution File, Format Version 12.00
# Visual Studio Version 16
VisualStudioVersion = 16.0.29306.81
MinimumVisualStudioVersion = 10.0.40219.1
Project("{FAE04EC0-301F-11D3-BF4B-00C04F79EFBC}") = "Hangman", "Hangman\Hangman.csproj", "{406D7D64-BA37-4F93-B26B-1F741BD0541B}"
EndProject
Global
	GlobalSection(SolutionConfigurationPlatforms) = preSolution
		Debug|Any CPU = Debug|Any CPU
		Release|Any CPU = Release|Any CPU
	EndGlobalSection
	GlobalSection(ProjectConfigurationPlatforms) = postSolution
		{406D7D64-BA37-4F93-B26B-1F741BD0541B}.Debug|Any CPU.ActiveCfg = Debug|Any CPU
		{406D7D64-BA37-4F93-B26B-1F741BD0541B}.Debug|Any CPU.Build.0 = Debug|Any CPU
		{406D7D64-BA37-4F93-B26B-1F741BD0541B}.Release|Any CPU.ActiveCfg = Release|Any CPU
		{406D7D64-BA37-4F93-B26B-1F741BD0541B}.Release|Any CPU.Build.0 = Release|Any CPU
	EndGlobalSection
	GlobalSection(SolutionProperties) = preSolution
		HideSolutionNode = FALSE
	EndGlobalSection
	GlobalSection(ExtensibilityGlobals) = postSolution
		SolutionGuid = {7D561F20-65D8-4492-AA58-AA616EEA0FE6}
	EndGlobalSection
EndGlobal
